
Microsoft Visual Studio Solution File, Format Version 12.00
# Visual Studio Version 17
VisualStudioVersion = 17.2.32616.157
MinimumVisualStudioVersion = 10.0.40219.1
Project("{FAE04EC0-301F-11D3-BF4B-00C04F79EFBC}") = "TelegramBot", "TelegramBot\TelegramBot.csproj", "{77E567E9-000E-4456-869C-31A4E85C86B5}"
EndProject
Global
	GlobalSection(SolutionConfigurationPlatforms) = preSolution
		Debug|Any CPU = Debug|Any CPU
		Release|Any CPU = Release|Any CPU
	EndGlobalSection
	GlobalSection(ProjectConfigurationPlatforms) = postSolution
		{77E567E9-000E-4456-869C-31A4E85C86B5}.Debug|Any CPU.ActiveCfg = Debug|Any CPU
		{77E567E9-000E-4456-869C-31A4E85C86B5}.Debug|Any CPU.Build.0 = Debug|Any CPU
		{77E567E9-000E-4456-869C-31A4E85C86B5}.Release|Any CPU.ActiveCfg = Release|Any CPU
		{77E567E9-000E-4456-869C-31A4E85C86B5}.Release|Any CPU.Build.0 = Release|Any CPU
	EndGlobalSection
	GlobalSection(SolutionProperties) = preSolution
		HideSolutionNode = FALSE
	EndGlobalSection
	GlobalSection(ExtensibilityGlobals) = postSolution
		SolutionGuid = {01380F17-C3A7-4C31-9657-D684A0C4455E}
	EndGlobalSection
EndGlobal
